
Microsoft Visual Studio Solution File, Format Version 12.00
# Visual Studio Version 16
VisualStudioVersion = 16.0.28407.52
MinimumVisualStudioVersion = 10.0.40219.1
Project("{8BC9CEB8-8B4A-11D0-8D11-00A0C91BC942}") = "Test6_A_1", "Test6_A_1\Test6_A_1.vcxproj", "{08E0B5C8-6122-413B-BF63-570DA9B34FCA}"
EndProject
Project("{8BC9CEB8-8B4A-11D0-8D11-00A0C91BC942}") = "Test6_A_2", "Test6_A_2\Test6_A_2.vcxproj", "{D946211C-1E18-4219-91A1-0184E7687D6D}"
EndProject
Global
	GlobalSection(SolutionConfigurationPlatforms) = preSolution
		Debug|Any CPU = Debug|Any CPU
		Debug|x64 = Debug|x64
		Debug|x86 = Debug|x86
		Release|Any CPU = Release|Any CPU
		Release|x64 = Release|x64
		Release|x86 = Release|x86
	EndGlobalSection
	GlobalSection(ProjectConfigurationPlatforms) = postSolution
		{08E0B5C8-6122-413B-BF63-570DA9B34FCA}.Debug|Any CPU.ActiveCfg = Debug|Win32
		{08E0B5C8-6122-413B-BF63-570DA9B34FCA}.Debug|x64.ActiveCfg = Debug|x64
		{08E0B5C8-6122-413B-BF63-570DA9B34FCA}.Debug|x64.Build.0 = Debug|x64
		{08E0B5C8-6122-413B-BF63-570DA9B34FCA}.Debug|x86.ActiveCfg = Debug|Win32
		{08E0B5C8-6122-413B-BF63-570DA9B34FCA}.Debug|x86.Build.0 = Debug|Win32
		{08E0B5C8-6122-413B-BF63-570DA9B34FCA}.Release|Any CPU.ActiveCfg = Release|Win32
		{08E0B5C8-6122-413B-BF63-570DA9B34FCA}.Release|x64.ActiveCfg = Release|x64
		{08E0B5C8-6122-413B-BF63-570DA9B34FCA}.Release|x64.Build.0 = Release|x64
		{08E0B5C8-6122-413B-BF63-570DA9B34FCA}.Release|x86.ActiveCfg = Release|Win32
		{08E0B5C8-6122-413B-BF63-570DA9B34FCA}.Release|x86.Build.0 = Release|Win32
		{D946211C-1E18-4219-91A1-0184E7687D6D}.Debug|Any CPU.ActiveCfg = Debug|Win32
		{D946211C-1E18-4219-91A1-0184E7687D6D}.Debug|x64.ActiveCfg = Debug|x64
		{D946211C-1E18-4219-91A1-0184E7687D6D}.Debug|x64.Build.0 = Debug|x64
		{D946211C-1E18-4219-91A1-0184E7687D6D}.Debug|x86.ActiveCfg = Debug|Win32
		{D946211C-1E18-4219-91A1-0184E7687D6D}.Debug|x86.Build.0 = Debug|Win32
		{D946211C-1E18-4219-91A1-0184E7687D6D}.Release|Any CPU.ActiveCfg = Release|Win32
		{D946211C-1E18-4219-91A1-0184E7687D6D}.Release|x64.ActiveCfg = Release|x64
		{D946211C-1E18-4219-91A1-0184E7687D6D}.Release|x64.Build.0 = Release|x64
		{D946211C-1E18-4219-91A1-0184E7687D6D}.Release|x86.ActiveCfg = Release|Win32
		{D946211C-1E18-4219-91A1-0184E7687D6D}.Release|x86.Build.0 = Release|Win32
	EndGlobalSection
	GlobalSection(SolutionProperties) = preSolution
		HideSolutionNode = FALSE
	EndGlobalSection
	GlobalSection(ExtensibilityGlobals) = postSolution
		SolutionGuid = {83230E68-56BA-4132-92BA-63BAFC4B5BAA}
	EndGlobalSection
EndGlobal
